// !$*UTF8*$!
{
	archiveVersion = 1;
	classes = {
	};
	objectVersion = 50;
	objects = {

/* Begin PBXBuildFile section */
		8059FCD2256E5D72006EAA1A /* ForecastDetailsViewController.swift in Sources */ = {isa = PBXBuildFile; fileRef = 8059FCD1256E5D72006EAA1A /* ForecastDetailsViewController.swift */; };
		80642161256E9A52000EBDFD /* ForecastView.swift in Sources */ = {isa = PBXBuildFile; fileRef = 80642160256E9A52000EBDFD /* ForecastView.swift */; };
		8064216A256EA2A8000EBDFD /* ForecastEntryViewModel.swift in Sources */ = {isa = PBXBuildFile; fileRef = 80642169256EA2A8000EBDFD /* ForecastEntryViewModel.swift */; };
		80658ACA256E7FCB00E42B7C /* ForecastDetailsViewCell.swift in Sources */ = {isa = PBXBuildFile; fileRef = 80658AC9256E7FCB00E42B7C /* ForecastDetailsViewCell.swift */; };
		806B8D62256D56650035F2A9 /* weather.ttf in Resources */ = {isa = PBXBuildFile; fileRef = 806B8D61256D56650035F2A9 /* weather.ttf */; };
		809C2EC8256EADB00006BBE6 /* HttpClient.swift in Sources */ = {isa = PBXBuildFile; fileRef = 809C2EC7256EADB00006BBE6 /* HttpClient.swift */; };
		809C2ECD256EAE020006BBE6 /* HttpClientError.swift in Sources */ = {isa = PBXBuildFile; fileRef = 809C2ECC256EAE020006BBE6 /* HttpClientError.swift */; };
		809C2ED5256EAE4A0006BBE6 /* HttpMethod.swift in Sources */ = {isa = PBXBuildFile; fileRef = 809C2ED4256EAE4A0006BBE6 /* HttpMethod.swift */; };
		809C2EDA256EAE770006BBE6 /* RequestConfig.swift in Sources */ = {isa = PBXBuildFile; fileRef = 809C2ED9256EAE770006BBE6 /* RequestConfig.swift */; };
		809C2EDF256EAF840006BBE6 /* HttpClientWeatherService.swift in Sources */ = {isa = PBXBuildFile; fileRef = 809C2EDE256EAF840006BBE6 /* HttpClientWeatherService.swift */; };
		80BA8EE4256D0C8100DA38B9 /* AppDelegate.swift in Sources */ = {isa = PBXBuildFile; fileRef = 80BA8EE3256D0C8100DA38B9 /* AppDelegate.swift */; };
		80BA8EE6256D0C8100DA38B9 /* SceneDelegate.swift in Sources */ = {isa = PBXBuildFile; fileRef = 80BA8EE5256D0C8100DA38B9 /* SceneDelegate.swift */; };
		80BA8EE8256D0C8100DA38B9 /* ForecastViewController.swift in Sources */ = {isa = PBXBuildFile; fileRef = 80BA8EE7256D0C8100DA38B9 /* ForecastViewController.swift */; };
		80BA8EEB256D0C8100DA38B9 /* Main.storyboard in Resources */ = {isa = PBXBuildFile; fileRef = 80BA8EE9256D0C8100DA38B9 /* Main.storyboard */; };
		80BA8EED256D0C8300DA38B9 /* Assets.xcassets in Resources */ = {isa = PBXBuildFile; fileRef = 80BA8EEC256D0C8300DA38B9 /* Assets.xcassets */; };
		80BA8EF0256D0C8300DA38B9 /* LaunchScreen.storyboard in Resources */ = {isa = PBXBuildFile; fileRef = 80BA8EEE256D0C8300DA38B9 /* LaunchScreen.storyboard */; };
		80BA8EFB256D0C8400DA38B9 /* GoodWeatherTests.swift in Sources */ = {isa = PBXBuildFile; fileRef = 80BA8EFA256D0C8400DA38B9 /* GoodWeatherTests.swift */; };
		80BA8F06256D0C8400DA38B9 /* GoodWeatherUITests.swift in Sources */ = {isa = PBXBuildFile; fileRef = 80BA8F05256D0C8400DA38B9 /* GoodWeatherUITests.swift */; };
		80BA8F25256D249B00DA38B9 /* FakeWeatherService.swift in Sources */ = {isa = PBXBuildFile; fileRef = 80BA8F24256D249B00DA38B9 /* FakeWeatherService.swift */; };
		80BA8F2D256D258D00DA38B9 /* City.swift in Sources */ = {isa = PBXBuildFile; fileRef = 80BA8F2C256D258D00DA38B9 /* City.swift */; };
		80BA8F32256D261600DA38B9 /* Description.swift in Sources */ = {isa = PBXBuildFile; fileRef = 80BA8F31256D261600DA38B9 /* Description.swift */; };
		80BA8F37256D276B00DA38B9 /* Temperature.swift in Sources */ = {isa = PBXBuildFile; fileRef = 80BA8F36256D276B00DA38B9 /* Temperature.swift */; };
		80BA8F3C256D27AC00DA38B9 /* Forecast.swift in Sources */ = {isa = PBXBuildFile; fileRef = 80BA8F3B256D27AC00DA38B9 /* Forecast.swift */; };
		80BA8F41256D28A300DA38B9 /* Weather.swift in Sources */ = {isa = PBXBuildFile; fileRef = 80BA8F40256D28A300DA38B9 /* Weather.swift */; };
		80BA8F4F256D3FC500DA38B9 /* WeatherProviderError.swift in Sources */ = {isa = PBXBuildFile; fileRef = 80BA8F4E256D3FC500DA38B9 /* WeatherProviderError.swift */; };
		80BA8F54256D40C000DA38B9 /* WeatherService.swift in Sources */ = {isa = PBXBuildFile; fileRef = 80BA8F53256D40C000DA38B9 /* WeatherService.swift */; };
		80BA8F67256D456700DA38B9 /* ForecastViewModel.swift in Sources */ = {isa = PBXBuildFile; fileRef = 80BA8F66256D456700DA38B9 /* ForecastViewModel.swift */; };
		80EF7037256D588A00C2200D /* IconMapper.swift in Sources */ = {isa = PBXBuildFile; fileRef = 80EF7036256D588A00C2200D /* IconMapper.swift */; };
		80EF703C256D5FB900C2200D /* URLSessionWeatherService.swift in Sources */ = {isa = PBXBuildFile; fileRef = 80EF703B256D5FB900C2200D /* URLSessionWeatherService.swift */; };
/* End PBXBuildFile section */

/* Begin PBXContainerItemProxy section */
		80BA8EF7256D0C8400DA38B9 /* PBXContainerItemProxy */ = {
			isa = PBXContainerItemProxy;
			containerPortal = 80BA8ED8256D0C8100DA38B9 /* Project object */;
			proxyType = 1;
			remoteGlobalIDString = 80BA8EDF256D0C8100DA38B9;
			remoteInfo = GoodWeather;
		};
		80BA8F02256D0C8400DA38B9 /* PBXContainerItemProxy */ = {
			isa = PBXContainerItemProxy;
			containerPortal = 80BA8ED8256D0C8100DA38B9 /* Project object */;
			proxyType = 1;
			remoteGlobalIDString = 80BA8EDF256D0C8100DA38B9;
			remoteInfo = GoodWeather;
		};
/* End PBXContainerItemProxy section */

/* Begin PBXFileReference section */
		8059FCD1256E5D72006EAA1A /* ForecastDetailsViewController.swift */ = {isa = PBXFileReference; lastKnownFileType = sourcecode.swift; path = ForecastDetailsViewController.swift; sourceTree = "<group>"; };
		80642160256E9A52000EBDFD /* ForecastView.swift */ = {isa = PBXFileReference; lastKnownFileType = sourcecode.swift; path = ForecastView.swift; sourceTree = "<group>"; };
		80642169256EA2A8000EBDFD /* ForecastEntryViewModel.swift */ = {isa = PBXFileReference; lastKnownFileType = sourcecode.swift; path = ForecastEntryViewModel.swift; sourceTree = "<group>"; };
		80658AC9256E7FCB00E42B7C /* ForecastDetailsViewCell.swift */ = {isa = PBXFileReference; lastKnownFileType = sourcecode.swift; path = ForecastDetailsViewCell.swift; sourceTree = "<group>"; };
		806B8D61256D56650035F2A9 /* weather.ttf */ = {isa = PBXFileReference; lastKnownFileType = file; path = weather.ttf; sourceTree = "<group>"; };
		809C2EC7256EADB00006BBE6 /* HttpClient.swift */ = {isa = PBXFileReference; lastKnownFileType = sourcecode.swift; path = HttpClient.swift; sourceTree = "<group>"; };
		809C2ECC256EAE020006BBE6 /* HttpClientError.swift */ = {isa = PBXFileReference; lastKnownFileType = sourcecode.swift; path = HttpClientError.swift; sourceTree = "<group>"; };
		809C2ED4256EAE4A0006BBE6 /* HttpMethod.swift */ = {isa = PBXFileReference; lastKnownFileType = sourcecode.swift; path = HttpMethod.swift; sourceTree = "<group>"; };
		809C2ED9256EAE770006BBE6 /* RequestConfig.swift */ = {isa = PBXFileReference; lastKnownFileType = sourcecode.swift; path = RequestConfig.swift; sourceTree = "<group>"; };
		809C2EDE256EAF840006BBE6 /* HttpClientWeatherService.swift */ = {isa = PBXFileReference; lastKnownFileType = sourcecode.swift; path = HttpClientWeatherService.swift; sourceTree = "<group>"; };
		80BA8EE0256D0C8100DA38B9 /* GoodWeather.app */ = {isa = PBXFileReference; explicitFileType = wrapper.application; includeInIndex = 0; path = GoodWeather.app; sourceTree = BUILT_PRODUCTS_DIR; };
		80BA8EE3256D0C8100DA38B9 /* AppDelegate.swift */ = {isa = PBXFileReference; lastKnownFileType = sourcecode.swift; path = AppDelegate.swift; sourceTree = "<group>"; };
		80BA8EE5256D0C8100DA38B9 /* SceneDelegate.swift */ = {isa = PBXFileReference; lastKnownFileType = sourcecode.swift; path = SceneDelegate.swift; sourceTree = "<group>"; };
		80BA8EE7256D0C8100DA38B9 /* ForecastViewController.swift */ = {isa = PBXFileReference; lastKnownFileType = sourcecode.swift; path = ForecastViewController.swift; sourceTree = "<group>"; };
		80BA8EEA256D0C8100DA38B9 /* Base */ = {isa = PBXFileReference; lastKnownFileType = file.storyboard; name = Base; path = Base.lproj/Main.storyboard; sourceTree = "<group>"; };
		80BA8EEC256D0C8300DA38B9 /* Assets.xcassets */ = {isa = PBXFileReference; lastKnownFileType = folder.assetcatalog; path = Assets.xcassets; sourceTree = "<group>"; };
		80BA8EEF256D0C8300DA38B9 /* Base */ = {isa = PBXFileReference; lastKnownFileType = file.storyboard; name = Base; path = Base.lproj/LaunchScreen.storyboard; sourceTree = "<group>"; };
		80BA8EF1256D0C8300DA38B9 /* Info.plist */ = {isa = PBXFileReference; lastKnownFileType = text.plist.xml; path = Info.plist; sourceTree = "<group>"; };
		80BA8EF6256D0C8400DA38B9 /* GoodWeatherTests.xctest */ = {isa = PBXFileReference; explicitFileType = wrapper.cfbundle; includeInIndex = 0; path = GoodWeatherTests.xctest; sourceTree = BUILT_PRODUCTS_DIR; };
		80BA8EFA256D0C8400DA38B9 /* GoodWeatherTests.swift */ = {isa = PBXFileReference; lastKnownFileType = sourcecode.swift; path = GoodWeatherTests.swift; sourceTree = "<group>"; };
		80BA8EFC256D0C8400DA38B9 /* Info.plist */ = {isa = PBXFileReference; lastKnownFileType = text.plist.xml; path = Info.plist; sourceTree = "<group>"; };
		80BA8F01256D0C8400DA38B9 /* GoodWeatherUITests.xctest */ = {isa = PBXFileReference; explicitFileType = wrapper.cfbundle; includeInIndex = 0; path = GoodWeatherUITests.xctest; sourceTree = BUILT_PRODUCTS_DIR; };
		80BA8F05256D0C8400DA38B9 /* GoodWeatherUITests.swift */ = {isa = PBXFileReference; lastKnownFileType = sourcecode.swift; path = GoodWeatherUITests.swift; sourceTree = "<group>"; };
		80BA8F07256D0C8400DA38B9 /* Info.plist */ = {isa = PBXFileReference; lastKnownFileType = text.plist.xml; path = Info.plist; sourceTree = "<group>"; };
		80BA8F24256D249B00DA38B9 /* FakeWeatherService.swift */ = {isa = PBXFileReference; lastKnownFileType = sourcecode.swift; path = FakeWeatherService.swift; sourceTree = "<group>"; };
		80BA8F2C256D258D00DA38B9 /* City.swift */ = {isa = PBXFileReference; lastKnownFileType = sourcecode.swift; path = City.swift; sourceTree = "<group>"; };
		80BA8F31256D261600DA38B9 /* Description.swift */ = {isa = PBXFileReference; lastKnownFileType = sourcecode.swift; path = Description.swift; sourceTree = "<group>"; };
		80BA8F36256D276B00DA38B9 /* Temperature.swift */ = {isa = PBXFileReference; lastKnownFileType = sourcecode.swift; path = Temperature.swift; sourceTree = "<group>"; };
		80BA8F3B256D27AC00DA38B9 /* Forecast.swift */ = {isa = PBXFileReference; lastKnownFileType = sourcecode.swift; path = Forecast.swift; sourceTree = "<group>"; };
		80BA8F40256D28A300DA38B9 /* Weather.swift */ = {isa = PBXFileReference; lastKnownFileType = sourcecode.swift; path = Weather.swift; sourceTree = "<group>"; };
		80BA8F4E256D3FC500DA38B9 /* WeatherProviderError.swift */ = {isa = PBXFileReference; lastKnownFileType = sourcecode.swift; path = WeatherProviderError.swift; sourceTree = "<group>"; };
		80BA8F53256D40C000DA38B9 /* WeatherService.swift */ = {isa = PBXFileReference; lastKnownFileType = sourcecode.swift; path = WeatherService.swift; sourceTree = "<group>"; };
		80BA8F66256D456700DA38B9 /* ForecastViewModel.swift */ = {isa = PBXFileReference; lastKnownFileType = sourcecode.swift; path = ForecastViewModel.swift; sourceTree = "<group>"; };
		80EF7036256D588A00C2200D /* IconMapper.swift */ = {isa = PBXFileReference; fileEncoding = 4; lastKnownFileType = sourcecode.swift; path = IconMapper.swift; sourceTree = "<group>"; };
		80EF703B256D5FB900C2200D /* URLSessionWeatherService.swift */ = {isa = PBXFileReference; lastKnownFileType = sourcecode.swift; path = URLSessionWeatherService.swift; sourceTree = "<group>"; };
/* End PBXFileReference section */

/* Begin PBXFrameworksBuildPhase section */
		80BA8EDD256D0C8100DA38B9 /* Frameworks */ = {
			isa = PBXFrameworksBuildPhase;
			buildActionMask = 2147483647;
			files = (
			);
			runOnlyForDeploymentPostprocessing = 0;
		};
		80BA8EF3256D0C8400DA38B9 /* Frameworks */ = {
			isa = PBXFrameworksBuildPhase;
			buildActionMask = 2147483647;
			files = (
			);
			runOnlyForDeploymentPostprocessing = 0;
		};
		80BA8EFE256D0C8400DA38B9 /* Frameworks */ = {
			isa = PBXFrameworksBuildPhase;
			buildActionMask = 2147483647;
			files = (
			);
			runOnlyForDeploymentPostprocessing = 0;
		};
/* End PBXFrameworksBuildPhase section */

/* Begin PBXGroup section */
		80642168256EA278000EBDFD /* ViewModel */ = {
			isa = PBXGroup;
			children = (
				80BA8F66256D456700DA38B9 /* ForecastViewModel.swift */,
				80642169256EA2A8000EBDFD /* ForecastEntryViewModel.swift */,
			);
			path = ViewModel;
			sourceTree = "<group>";
		};
		809C2EC6256EADA10006BBE6 /* Http */ = {
			isa = PBXGroup;
			children = (
				809C2EC7256EADB00006BBE6 /* HttpClient.swift */,
				809C2ECC256EAE020006BBE6 /* HttpClientError.swift */,
				809C2ED4256EAE4A0006BBE6 /* HttpMethod.swift */,
				809C2ED9256EAE770006BBE6 /* RequestConfig.swift */,
			);
			path = Http;
			sourceTree = "<group>";
		};
		80BA8ED7256D0C8100DA38B9 = {
			isa = PBXGroup;
			children = (
				80BA8EE2256D0C8100DA38B9 /* GoodWeather */,
				80BA8EF9256D0C8400DA38B9 /* GoodWeatherTests */,
				80BA8F04256D0C8400DA38B9 /* GoodWeatherUITests */,
				80BA8EE1256D0C8100DA38B9 /* Products */,
			);
			sourceTree = "<group>";
		};
		80BA8EE1256D0C8100DA38B9 /* Products */ = {
			isa = PBXGroup;
			children = (
				80BA8EE0256D0C8100DA38B9 /* GoodWeather.app */,
				80BA8EF6256D0C8400DA38B9 /* GoodWeatherTests.xctest */,
				80BA8F01256D0C8400DA38B9 /* GoodWeatherUITests.xctest */,
			);
			name = Products;
			sourceTree = "<group>";
		};
		80BA8EE2256D0C8100DA38B9 /* GoodWeather */ = {
			isa = PBXGroup;
			children = (
				809C2EC6256EADA10006BBE6 /* Http */,
				80BA8F59256D436500DA38B9 /* Resource */,
				80BA8F23256D246F00DA38B9 /* Model */,
				80642168256EA278000EBDFD /* ViewModel */,
				80BA8F58256D431400DA38B9 /* View */,
				80BA8EE3256D0C8100DA38B9 /* AppDelegate.swift */,
				80BA8EE5256D0C8100DA38B9 /* SceneDelegate.swift */,
			);
			path = GoodWeather;
			sourceTree = "<group>";
		};
		80BA8EF9256D0C8400DA38B9 /* GoodWeatherTests */ = {
			isa = PBXGroup;
			children = (
				80BA8EFA256D0C8400DA38B9 /* GoodWeatherTests.swift */,
				80BA8EFC256D0C8400DA38B9 /* Info.plist */,
			);
			path = GoodWeatherTests;
			sourceTree = "<group>";
		};
		80BA8F04256D0C8400DA38B9 /* GoodWeatherUITests */ = {
			isa = PBXGroup;
			children = (
				80BA8F05256D0C8400DA38B9 /* GoodWeatherUITests.swift */,
				80BA8F07256D0C8400DA38B9 /* Info.plist */,
			);
			path = GoodWeatherUITests;
			sourceTree = "<group>";
		};
		80BA8F23256D246F00DA38B9 /* Model */ = {
			isa = PBXGroup;
			children = (
				80BA8F2C256D258D00DA38B9 /* City.swift */,
				80BA8F31256D261600DA38B9 /* Description.swift */,
				80BA8F36256D276B00DA38B9 /* Temperature.swift */,
				80BA8F3B256D27AC00DA38B9 /* Forecast.swift */,
				80BA8F40256D28A300DA38B9 /* Weather.swift */,
				80BA8F53256D40C000DA38B9 /* WeatherService.swift */,
				80BA8F4E256D3FC500DA38B9 /* WeatherProviderError.swift */,
				80BA8F24256D249B00DA38B9 /* FakeWeatherService.swift */,
				80EF703B256D5FB900C2200D /* URLSessionWeatherService.swift */,
				809C2EDE256EAF840006BBE6 /* HttpClientWeatherService.swift */,
			);
			path = Model;
			sourceTree = "<group>";
		};
		80BA8F58256D431400DA38B9 /* View */ = {
			isa = PBXGroup;
			children = (
				80EF7036256D588A00C2200D /* IconMapper.swift */,
				80BA8EE7256D0C8100DA38B9 /* ForecastViewController.swift */,
				8059FCD1256E5D72006EAA1A /* ForecastDetailsViewController.swift */,
				80658AC9256E7FCB00E42B7C /* ForecastDetailsViewCell.swift */,
				80642160256E9A52000EBDFD /* ForecastView.swift */,
				80BA8EE9256D0C8100DA38B9 /* Main.storyboard */,
				80BA8EEE256D0C8300DA38B9 /* LaunchScreen.storyboard */,
			);
			path = View;
			sourceTree = "<group>";
		};
		80BA8F59256D436500DA38B9 /* Resource */ = {
			isa = PBXGroup;
			children = (
				80BA8EEC256D0C8300DA38B9 /* Assets.xcassets */,
				806B8D61256D56650035F2A9 /* weather.ttf */,
				80BA8EF1256D0C8300DA38B9 /* Info.plist */,
			);
			path = Resource;
			sourceTree = "<group>";
		};
/* End PBXGroup section */

/* Begin PBXNativeTarget section */
		80BA8EDF256D0C8100DA38B9 /* GoodWeather */ = {
			isa = PBXNativeTarget;
			buildConfigurationList = 80BA8F0A256D0C8400DA38B9 /* Build configuration list for PBXNativeTarget "GoodWeather" */;
			buildPhases = (
				80BA8EDC256D0C8100DA38B9 /* Sources */,
				80BA8EDD256D0C8100DA38B9 /* Frameworks */,
				80BA8EDE256D0C8100DA38B9 /* Resources */,
			);
			buildRules = (
			);
			dependencies = (
			);
			name = GoodWeather;
			productName = GoodWeather;
			productReference = 80BA8EE0256D0C8100DA38B9 /* GoodWeather.app */;
			productType = "com.apple.product-type.application";
		};
		80BA8EF5256D0C8400DA38B9 /* GoodWeatherTests */ = {
			isa = PBXNativeTarget;
			buildConfigurationList = 80BA8F0D256D0C8400DA38B9 /* Build configuration list for PBXNativeTarget "GoodWeatherTests" */;
			buildPhases = (
				80BA8EF2256D0C8400DA38B9 /* Sources */,
				80BA8EF3256D0C8400DA38B9 /* Frameworks */,
				80BA8EF4256D0C8400DA38B9 /* Resources */,
			);
			buildRules = (
			);
			dependencies = (
				80BA8EF8256D0C8400DA38B9 /* PBXTargetDependency */,
			);
			name = GoodWeatherTests;
			productName = GoodWeatherTests;
			productReference = 80BA8EF6256D0C8400DA38B9 /* GoodWeatherTests.xctest */;
			productType = "com.apple.product-type.bundle.unit-test";
		};
		80BA8F00256D0C8400DA38B9 /* GoodWeatherUITests */ = {
			isa = PBXNativeTarget;
			buildConfigurationList = 80BA8F10256D0C8400DA38B9 /* Build configuration list for PBXNativeTarget "GoodWeatherUITests" */;
			buildPhases = (
				80BA8EFD256D0C8400DA38B9 /* Sources */,
				80BA8EFE256D0C8400DA38B9 /* Frameworks */,
				80BA8EFF256D0C8400DA38B9 /* Resources */,
			);
			buildRules = (
			);
			dependencies = (
				80BA8F03256D0C8400DA38B9 /* PBXTargetDependency */,
			);
			name = GoodWeatherUITests;
			productName = GoodWeatherUITests;
			productReference = 80BA8F01256D0C8400DA38B9 /* GoodWeatherUITests.xctest */;
			productType = "com.apple.product-type.bundle.ui-testing";
		};
/* End PBXNativeTarget section */

/* Begin PBXProject section */
		80BA8ED8256D0C8100DA38B9 /* Project object */ = {
			isa = PBXProject;
			attributes = {
				LastSwiftUpdateCheck = 1220;
				LastUpgradeCheck = 1220;
				TargetAttributes = {
					80BA8EDF256D0C8100DA38B9 = {
						CreatedOnToolsVersion = 12.2;
					};
					80BA8EF5256D0C8400DA38B9 = {
						CreatedOnToolsVersion = 12.2;
						TestTargetID = 80BA8EDF256D0C8100DA38B9;
					};
					80BA8F00256D0C8400DA38B9 = {
						CreatedOnToolsVersion = 12.2;
						TestTargetID = 80BA8EDF256D0C8100DA38B9;
					};
				};
			};
			buildConfigurationList = 80BA8EDB256D0C8100DA38B9 /* Build configuration list for PBXProject "GoodWeather" */;
			compatibilityVersion = "Xcode 9.3";
			developmentRegion = en;
			hasScannedForEncodings = 0;
			knownRegions = (
				en,
				Base,
			);
			mainGroup = 80BA8ED7256D0C8100DA38B9;
			productRefGroup = 80BA8EE1256D0C8100DA38B9 /* Products */;
			projectDirPath = "";
			projectRoot = "";
			targets = (
				80BA8EDF256D0C8100DA38B9 /* GoodWeather */,
				80BA8EF5256D0C8400DA38B9 /* GoodWeatherTests */,
				80BA8F00256D0C8400DA38B9 /* GoodWeatherUITests */,
			);
		};
/* End PBXProject section */

/* Begin PBXResourcesBuildPhase section */
		80BA8EDE256D0C8100DA38B9 /* Resources */ = {
			isa = PBXResourcesBuildPhase;
			buildActionMask = 2147483647;
			files = (
				80BA8EF0256D0C8300DA38B9 /* LaunchScreen.storyboard in Resources */,
				80BA8EED256D0C8300DA38B9 /* Assets.xcassets in Resources */,
				80BA8EEB256D0C8100DA38B9 /* Main.storyboard in Resources */,
				806B8D62256D56650035F2A9 /* weather.ttf in Resources */,
			);
			runOnlyForDeploymentPostprocessing = 0;
		};
		80BA8EF4256D0C8400DA38B9 /* Resources */ = {
			isa = PBXResourcesBuildPhase;
			buildActionMask = 2147483647;
			files = (
			);
			runOnlyForDeploymentPostprocessing = 0;
		};
		80BA8EFF256D0C8400DA38B9 /* Resources */ = {
			isa = PBXResourcesBuildPhase;
			buildActionMask = 2147483647;
			files = (
			);
			runOnlyForDeploymentPostprocessing = 0;
		};
/* End PBXResourcesBuildPhase section */

/* Begin PBXSourcesBuildPhase section */
		80BA8EDC256D0C8100DA38B9 /* Sources */ = {
			isa = PBXSourcesBuildPhase;
			buildActionMask = 2147483647;
			files = (
				80658ACA256E7FCB00E42B7C /* ForecastDetailsViewCell.swift in Sources */,
				809C2EDF256EAF840006BBE6 /* HttpClientWeatherService.swift in Sources */,
				80642161256E9A52000EBDFD /* ForecastView.swift in Sources */,
				80BA8F3C256D27AC00DA38B9 /* Forecast.swift in Sources */,
				80BA8F32256D261600DA38B9 /* Description.swift in Sources */,
				80EF7037256D588A00C2200D /* IconMapper.swift in Sources */,
				80BA8F54256D40C000DA38B9 /* WeatherService.swift in Sources */,
				80BA8EE8256D0C8100DA38B9 /* ForecastViewController.swift in Sources */,
				80BA8F2D256D258D00DA38B9 /* City.swift in Sources */,
				809C2EC8256EADB00006BBE6 /* HttpClient.swift in Sources */,
				80BA8F41256D28A300DA38B9 /* Weather.swift in Sources */,
				809C2ED5256EAE4A0006BBE6 /* HttpMethod.swift in Sources */,
				80BA8EE4256D0C8100DA38B9 /* AppDelegate.swift in Sources */,
				8064216A256EA2A8000EBDFD /* ForecastEntryViewModel.swift in Sources */,
				809C2ECD256EAE020006BBE6 /* HttpClientError.swift in Sources */,
				80BA8F4F256D3FC500DA38B9 /* WeatherProviderError.swift in Sources */,
				80BA8EE6256D0C8100DA38B9 /* SceneDelegate.swift in Sources */,
				80BA8F67256D456700DA38B9 /* ForecastViewModel.swift in Sources */,
				809C2EDA256EAE770006BBE6 /* RequestConfig.swift in Sources */,
				80BA8F37256D276B00DA38B9 /* Temperature.swift in Sources */,
				8059FCD2256E5D72006EAA1A /* ForecastDetailsViewController.swift in Sources */,
				80BA8F25256D249B00DA38B9 /* FakeWeatherService.swift in Sources */,
				80EF703C256D5FB900C2200D /* URLSessionWeatherService.swift in Sources */,
			);
			runOnlyForDeploymentPostprocessing = 0;
		};
		80BA8EF2256D0C8400DA38B9 /* Sources */ = {
			isa = PBXSourcesBuildPhase;
			buildActionMask = 2147483647;
			files = (
				80BA8EFB256D0C8400DA38B9 /* GoodWeatherTests.swift in Sources */,
			);
			runOnlyForDeploymentPostprocessing = 0;
		};
		80BA8EFD256D0C8400DA38B9 /* Sources */ = {
			isa = PBXSourcesBuildPhase;
			buildActionMask = 2147483647;
			files = (
				80BA8F06256D0C8400DA38B9 /* GoodWeatherUITests.swift in Sources */,
			);
			runOnlyForDeploymentPostprocessing = 0;
		};
/* End PBXSourcesBuildPhase section */

/* Begin PBXTargetDependency section */
		80BA8EF8256D0C8400DA38B9 /* PBXTargetDependency */ = {
			isa = PBXTargetDependency;
			target = 80BA8EDF256D0C8100DA38B9 /* GoodWeather */;
			targetProxy = 80BA8EF7256D0C8400DA38B9 /* PBXContainerItemProxy */;
		};
		80BA8F03256D0C8400DA38B9 /* PBXTargetDependency */ = {
			isa = PBXTargetDependency;
			target = 80BA8EDF256D0C8100DA38B9 /* GoodWeather */;
			targetProxy = 80BA8F02256D0C8400DA38B9 /* PBXContainerItemProxy */;
		};
/* End PBXTargetDependency section */

/* Begin PBXVariantGroup section */
		80BA8EE9256D0C8100DA38B9 /* Main.storyboard */ = {
			isa = PBXVariantGroup;
			children = (
				80BA8EEA256D0C8100DA38B9 /* Base */,
			);
			name = Main.storyboard;
			sourceTree = "<group>";
		};
		80BA8EEE256D0C8300DA38B9 /* LaunchScreen.storyboard */ = {
			isa = PBXVariantGroup;
			children = (
				80BA8EEF256D0C8300DA38B9 /* Base */,
			);
			name = LaunchScreen.storyboard;
			sourceTree = "<group>";
		};
/* End PBXVariantGroup section */

/* Begin XCBuildConfiguration section */
		80BA8F08256D0C8400DA38B9 /* Debug */ = {
			isa = XCBuildConfiguration;
			buildSettings = {
				ALWAYS_SEARCH_USER_PATHS = NO;
				CLANG_ANALYZER_NONNULL = YES;
				CLANG_ANALYZER_NUMBER_OBJECT_CONVERSION = YES_AGGRESSIVE;
				CLANG_CXX_LANGUAGE_STANDARD = "gnu++14";
				CLANG_CXX_LIBRARY = "libc++";
				CLANG_ENABLE_MODULES = YES;
				CLANG_ENABLE_OBJC_ARC = YES;
				CLANG_ENABLE_OBJC_WEAK = YES;
				CLANG_WARN_BLOCK_CAPTURE_AUTORELEASING = YES;
				CLANG_WARN_BOOL_CONVERSION = YES;
				CLANG_WARN_COMMA = YES;
				CLANG_WARN_CONSTANT_CONVERSION = YES;
				CLANG_WARN_DEPRECATED_OBJC_IMPLEMENTATIONS = YES;
				CLANG_WARN_DIRECT_OBJC_ISA_USAGE = YES_ERROR;
				CLANG_WARN_DOCUMENTATION_COMMENTS = YES;
				CLANG_WARN_EMPTY_BODY = YES;
				CLANG_WARN_ENUM_CONVERSION = YES;
				CLANG_WARN_INFINITE_RECURSION = YES;
				CLANG_WARN_INT_CONVERSION = YES;
				CLANG_WARN_NON_LITERAL_NULL_CONVERSION = YES;
				CLANG_WARN_OBJC_IMPLICIT_RETAIN_SELF = YES;
				CLANG_WARN_OBJC_LITERAL_CONVERSION = YES;
				CLANG_WARN_OBJC_ROOT_CLASS = YES_ERROR;
				CLANG_WARN_QUOTED_INCLUDE_IN_FRAMEWORK_HEADER = YES;
				CLANG_WARN_RANGE_LOOP_ANALYSIS = YES;
				CLANG_WARN_STRICT_PROTOTYPES = YES;
				CLANG_WARN_SUSPICIOUS_MOVE = YES;
				CLANG_WARN_UNGUARDED_AVAILABILITY = YES_AGGRESSIVE;
				CLANG_WARN_UNREACHABLE_CODE = YES;
				CLANG_WARN__DUPLICATE_METHOD_MATCH = YES;
				COPY_PHASE_STRIP = NO;
				DEBUG_INFORMATION_FORMAT = dwarf;
				ENABLE_STRICT_OBJC_MSGSEND = YES;
				ENABLE_TESTABILITY = YES;
				GCC_C_LANGUAGE_STANDARD = gnu11;
				GCC_DYNAMIC_NO_PIC = NO;
				GCC_NO_COMMON_BLOCKS = YES;
				GCC_OPTIMIZATION_LEVEL = 0;
				GCC_PREPROCESSOR_DEFINITIONS = (
					"DEBUG=1",
					"$(inherited)",
				);
				GCC_WARN_64_TO_32_BIT_CONVERSION = YES;
				GCC_WARN_ABOUT_RETURN_TYPE = YES_ERROR;
				GCC_WARN_UNDECLARED_SELECTOR = YES;
				GCC_WARN_UNINITIALIZED_AUTOS = YES_AGGRESSIVE;
				GCC_WARN_UNUSED_FUNCTION = YES;
				GCC_WARN_UNUSED_VARIABLE = YES;
				IPHONEOS_DEPLOYMENT_TARGET = 14.2;
				MTL_ENABLE_DEBUG_INFO = INCLUDE_SOURCE;
				MTL_FAST_MATH = YES;
				ONLY_ACTIVE_ARCH = YES;
				SDKROOT = iphoneos;
				SWIFT_ACTIVE_COMPILATION_CONDITIONS = DEBUG;
				SWIFT_OPTIMIZATION_LEVEL = "-Onone";
			};
			name = Debug;
		};
		80BA8F09256D0C8400DA38B9 /* Release */ = {
			isa = XCBuildConfiguration;
			buildSettings = {
				ALWAYS_SEARCH_USER_PATHS = NO;
				CLANG_ANALYZER_NONNULL = YES;
				CLANG_ANALYZER_NUMBER_OBJECT_CONVERSION = YES_AGGRESSIVE;
				CLANG_CXX_LANGUAGE_STANDARD = "gnu++14";
				CLANG_CXX_LIBRARY = "libc++";
				CLANG_ENABLE_MODULES = YES;
				CLANG_ENABLE_OBJC_ARC = YES;
				CLANG_ENABLE_OBJC_WEAK = YES;
				CLANG_WARN_BLOCK_CAPTURE_AUTORELEASING = YES;
				CLANG_WARN_BOOL_CONVERSION = YES;
				CLANG_WARN_COMMA = YES;
				CLANG_WARN_CONSTANT_CONVERSION = YES;
				CLANG_WARN_DEPRECATED_OBJC_IMPLEMENTATIONS = YES;
				CLANG_WARN_DIRECT_OBJC_ISA_USAGE = YES_ERROR;
				CLANG_WARN_DOCUMENTATION_COMMENTS = YES;
				CLANG_WARN_EMPTY_BODY = YES;
				CLANG_WARN_ENUM_CONVERSION = YES;
				CLANG_WARN_INFINITE_RECURSION = YES;
				CLANG_WARN_INT_CONVERSION = YES;
				CLANG_WARN_NON_LITERAL_NULL_CONVERSION = YES;
				CLANG_WARN_OBJC_IMPLICIT_RETAIN_SELF = YES;
				CLANG_WARN_OBJC_LITERAL_CONVERSION = YES;
				CLANG_WARN_OBJC_ROOT_CLASS = YES_ERROR;
				CLANG_WARN_QUOTED_INCLUDE_IN_FRAMEWORK_HEADER = YES;
				CLANG_WARN_RANGE_LOOP_ANALYSIS = YES;
				CLANG_WARN_STRICT_PROTOTYPES = YES;
				CLANG_WARN_SUSPICIOUS_MOVE = YES;
				CLANG_WARN_UNGUARDED_AVAILABILITY = YES_AGGRESSIVE;
				CLANG_WARN_UNREACHABLE_CODE = YES;
				CLANG_WARN__DUPLICATE_METHOD_MATCH = YES;
				COPY_PHASE_STRIP = NO;
				DEBUG_INFORMATION_FORMAT = "dwarf-with-dsym";
				ENABLE_NS_ASSERTIONS = NO;
				ENABLE_STRICT_OBJC_MSGSEND = YES;
				GCC_C_LANGUAGE_STANDARD = gnu11;
				GCC_NO_COMMON_BLOCKS = YES;
				GCC_WARN_64_TO_32_BIT_CONVERSION = YES;
				GCC_WARN_ABOUT_RETURN_TYPE = YES_ERROR;
				GCC_WARN_UNDECLARED_SELECTOR = YES;
				GCC_WARN_UNINITIALIZED_AUTOS = YES_AGGRESSIVE;
				GCC_WARN_UNUSED_FUNCTION = YES;
				GCC_WARN_UNUSED_VARIABLE = YES;
				IPHONEOS_DEPLOYMENT_TARGET = 14.2;
				MTL_ENABLE_DEBUG_INFO = NO;
				MTL_FAST_MATH = YES;
				SDKROOT = iphoneos;
				SWIFT_COMPILATION_MODE = wholemodule;
				SWIFT_OPTIMIZATION_LEVEL = "-O";
				VALIDATE_PRODUCT = YES;
			};
			name = Release;
		};
		80BA8F0B256D0C8400DA38B9 /* Debug */ = {
			isa = XCBuildConfiguration;
			buildSettings = {
				ASSETCATALOG_COMPILER_APPICON_NAME = AppIcon;
				ASSETCATALOG_COMPILER_GLOBAL_ACCENT_COLOR_NAME = AccentColor;
				CODE_SIGN_STYLE = Automatic;
				DEVELOPMENT_TEAM = 34A9J24W7Y;
				INFOPLIST_FILE = GoodWeather/Resource/Info.plist;
				IPHONEOS_DEPLOYMENT_TARGET = 14.2;
				LD_RUNPATH_SEARCH_PATHS = (
					"$(inherited)",
					"@executable_path/Frameworks",
				);
				PRODUCT_BUNDLE_IDENTIFIER = io.swiftdeveloper.GoodWeather;
				PRODUCT_NAME = "$(TARGET_NAME)";
				SWIFT_VERSION = 5.0;
				TARGETED_DEVICE_FAMILY = "1,2";
			};
			name = Debug;
		};
		80BA8F0C256D0C8400DA38B9 /* Release */ = {
			isa = XCBuildConfiguration;
			buildSettings = {
				ASSETCATALOG_COMPILER_APPICON_NAME = AppIcon;
				ASSETCATALOG_COMPILER_GLOBAL_ACCENT_COLOR_NAME = AccentColor;
				CODE_SIGN_STYLE = Automatic;
				DEVELOPMENT_TEAM = 34A9J24W7Y;
				INFOPLIST_FILE = GoodWeather/Resource/Info.plist;
				IPHONEOS_DEPLOYMENT_TARGET = 14.2;
				LD_RUNPATH_SEARCH_PATHS = (
					"$(inherited)",
					"@executable_path/Frameworks",
				);
				PRODUCT_BUNDLE_IDENTIFIER = io.swiftdeveloper.GoodWeather;
				PRODUCT_NAME = "$(TARGET_NAME)";
				SWIFT_VERSION = 5.0;
				TARGETED_DEVICE_FAMILY = "1,2";
			};
			name = Release;
		};
		80BA8F0E256D0C8400DA38B9 /* Debug */ = {
			isa = XCBuildConfiguration;
			buildSettings = {
				ALWAYS_EMBED_SWIFT_STANDARD_LIBRARIES = YES;
				BUNDLE_LOADER = "$(TEST_HOST)";
				CODE_SIGN_STYLE = Automatic;
				DEVELOPMENT_TEAM = 34A9J24W7Y;
				INFOPLIST_FILE = GoodWeatherTests/Info.plist;
				IPHONEOS_DEPLOYMENT_TARGET = 14.2;
				LD_RUNPATH_SEARCH_PATHS = (
					"$(inherited)",
					"@executable_path/Frameworks",
					"@loader_path/Frameworks",
				);
				PRODUCT_BUNDLE_IDENTIFIER = io.swiftdeveloper.GoodWeatherTests;
				PRODUCT_NAME = "$(TARGET_NAME)";
				SWIFT_VERSION = 5.0;
				TARGETED_DEVICE_FAMILY = "1,2";
				TEST_HOST = "$(BUILT_PRODUCTS_DIR)/GoodWeather.app/GoodWeather";
			};
			name = Debug;
		};
		80BA8F0F256D0C8400DA38B9 /* Release */ = {
			isa = XCBuildConfiguration;
			buildSettings = {
				ALWAYS_EMBED_SWIFT_STANDARD_LIBRARIES = YES;
				BUNDLE_LOADER = "$(TEST_HOST)";
				CODE_SIGN_STYLE = Automatic;
				DEVELOPMENT_TEAM = 34A9J24W7Y;
				INFOPLIST_FILE = GoodWeatherTests/Info.plist;
				IPHONEOS_DEPLOYMENT_TARGET = 14.2;
				LD_RUNPATH_SEARCH_PATHS = (
					"$(inherited)",
					"@executable_path/Frameworks",
					"@loader_path/Frameworks",
				);
				PRODUCT_BUNDLE_IDENTIFIER = io.swiftdeveloper.GoodWeatherTests;
				PRODUCT_NAME = "$(TARGET_NAME)";
				SWIFT_VERSION = 5.0;
				TARGETED_DEVICE_FAMILY = "1,2";
				TEST_HOST = "$(BUILT_PRODUCTS_DIR)/GoodWeather.app/GoodWeather";
			};
			name = Release;
		};
		80BA8F11256D0C8400DA38B9 /* Debug */ = {
			isa = XCBuildConfiguration;
			buildSettings = {
				ALWAYS_EMBED_SWIFT_STANDARD_LIBRARIES = YES;
				CODE_SIGN_STYLE = Automatic;
				DEVELOPMENT_TEAM = 34A9J24W7Y;
				INFOPLIST_FILE = GoodWeatherUITests/Info.plist;
				LD_RUNPATH_SEARCH_PATHS = (
					"$(inherited)",
					"@executable_path/Frameworks",
					"@loader_path/Frameworks",
				);
				PRODUCT_BUNDLE_IDENTIFIER = io.swiftdeveloper.GoodWeatherUITests;
				PRODUCT_NAME = "$(TARGET_NAME)";
				SWIFT_VERSION = 5.0;
				TARGETED_DEVICE_FAMILY = "1,2";
				TEST_TARGET_NAME = GoodWeather;
			};
			name = Debug;
		};
		80BA8F12256D0C8400DA38B9 /* Release */ = {
			isa = XCBuildConfiguration;
			buildSettings = {
				ALWAYS_EMBED_SWIFT_STANDARD_LIBRARIES = YES;
				CODE_SIGN_STYLE = Automatic;
				DEVELOPMENT_TEAM = 34A9J24W7Y;
				INFOPLIST_FILE = GoodWeatherUITests/Info.plist;
				LD_RUNPATH_SEARCH_PATHS = (
					"$(inherited)",
					"@executable_path/Frameworks",
					"@loader_path/Frameworks",
				);
				PRODUCT_BUNDLE_IDENTIFIER = io.swiftdeveloper.GoodWeatherUITests;
				PRODUCT_NAME = "$(TARGET_NAME)";
				SWIFT_VERSION = 5.0;
				TARGETED_DEVICE_FAMILY = "1,2";
				TEST_TARGET_NAME = GoodWeather;
			};
			name = Release;
		};
/* End XCBuildConfiguration section */

/* Begin XCConfigurationList section */
		80BA8EDB256D0C8100DA38B9 /* Build configuration list for PBXProject "GoodWeather" */ = {
			isa = XCConfigurationList;
			buildConfigurations = (
				80BA8F08256D0C8400DA38B9 /* Debug */,
				80BA8F09256D0C8400DA38B9 /* Release */,
			);
			defaultConfigurationIsVisible = 0;
			defaultConfigurationName = Release;
		};
		80BA8F0A256D0C8400DA38B9 /* Build configuration list for PBXNativeTarget "GoodWeather" */ = {
			isa = XCConfigurationList;
			buildConfigurations = (
				80BA8F0B256D0C8400DA38B9 /* Debug */,
				80BA8F0C256D0C8400DA38B9 /* Release */,
			);
			defaultConfigurationIsVisible = 0;
			defaultConfigurationName = Release;
		};
		80BA8F0D256D0C8400DA38B9 /* Build configuration list for PBXNativeTarget "GoodWeatherTests" */ = {
			isa = XCConfigurationList;
			buildConfigurations = (
				80BA8F0E256D0C8400DA38B9 /* Debug */,
				80BA8F0F256D0C8400DA38B9 /* Release */,
			);
			defaultConfigurationIsVisible = 0;
			defaultConfigurationName = Release;
		};
		80BA8F10256D0C8400DA38B9 /* Build configuration list for PBXNativeTarget "GoodWeatherUITests" */ = {
			isa = XCConfigurationList;
			buildConfigurations = (
				80BA8F11256D0C8400DA38B9 /* Debug */,
				80BA8F12256D0C8400DA38B9 /* Release */,
			);
			defaultConfigurationIsVisible = 0;
			defaultConfigurationName = Release;
		};
/* End XCConfigurationList section */
	};
	rootObject = 80BA8ED8256D0C8100DA38B9 /* Project object */;
}
